
Microsoft Visual Studio Solution File, Format Version 12.00
# Visual Studio 15
VisualStudioVersion = 15.0.27130.2026
MinimumVisualStudioVersion = 10.0.40219.1
Project("{2150E333-8FDC-42A3-9474-1A3956D46DE8}") = "Engine", "Engine", "{8FC04B7D-DBEE-4F85-81E0-82AADFF994E7}"
EndProject
Project("{2150E333-8FDC-42A3-9474-1A3956D46DE8}") = "Games", "Games", "{960A9F45-98A5-4575-846F-8C3B3EACD411}"
EndProject
Project("{8BC9CEB8-8B4A-11D0-8D11-00A0C91BC942}") = "UE4", "Intermediate\ProjectFiles\UE4.vcxproj", "{09102ADE-0CCD-4A23-BE88-61C6EB1F5A3C}"
EndProject
Project("{8BC9CEB8-8B4A-11D0-8D11-00A0C91BC942}") = "BuildingEscape", "Intermediate\ProjectFiles\BuildingEscape.vcxproj", "{26DF0BA7-6717-4142-B0E4-C7DBE862DD2B}"
EndProject
Global
	GlobalSection(SolutionConfigurationPlatforms) = preSolution
		DebugGame Editor|HTML5 = DebugGame Editor|HTML5
		DebugGame Editor|Win32 = DebugGame Editor|Win32
		DebugGame Editor|Win64 = DebugGame Editor|Win64
		DebugGame|HTML5 = DebugGame|HTML5
		DebugGame|Win32 = DebugGame|Win32
		DebugGame|Win64 = DebugGame|Win64
		Development Editor|HTML5 = Development Editor|HTML5
		Development Editor|Win32 = Development Editor|Win32
		Development Editor|Win64 = Development Editor|Win64
		Development|HTML5 = Development|HTML5
		Development|Win32 = Development|Win32
		Development|Win64 = Development|Win64
		Shipping|HTML5 = Shipping|HTML5
		Shipping|Win32 = Shipping|Win32
		Shipping|Win64 = Shipping|Win64
	EndGlobalSection
	GlobalSection(ProjectConfigurationPlatforms) = postSolution
		{09102ADE-0CCD-4A23-BE88-61C6EB1F5A3C}.DebugGame Editor|HTML5.ActiveCfg = BuiltWithUnrealBuildTool|Win32
		{09102ADE-0CCD-4A23-BE88-61C6EB1F5A3C}.DebugGame Editor|HTML5.Build.0 = BuiltWithUnrealBuildTool|Win32
		{09102ADE-0CCD-4A23-BE88-61C6EB1F5A3C}.DebugGame Editor|Win32.ActiveCfg = BuiltWithUnrealBuildTool|Win32
		{09102ADE-0CCD-4A23-BE88-61C6EB1F5A3C}.DebugGame Editor|Win32.Build.0 = BuiltWithUnrealBuildTool|Win32
		{09102ADE-0CCD-4A23-BE88-61C6EB1F5A3C}.DebugGame Editor|Win64.ActiveCfg = BuiltWithUnrealBuildTool|Win32
		{09102ADE-0CCD-4A23-BE88-61C6EB1F5A3C}.DebugGame Editor|Win64.Build.0 = BuiltWithUnrealBuildTool|Win32
		{09102ADE-0CCD-4A23-BE88-61C6EB1F5A3C}.DebugGame|HTML5.ActiveCfg = BuiltWithUnrealBuildTool|Win32
		{09102ADE-0CCD-4A23-BE88-61C6EB1F5A3C}.DebugGame|HTML5.Build.0 = BuiltWithUnrealBuildTool|Win32
		{09102ADE-0CCD-4A23-BE88-61C6EB1F5A3C}.DebugGame|Win32.ActiveCfg = BuiltWithUnrealBuildTool|Win32
		{09102ADE-0CCD-4A23-BE88-61C6EB1F5A3C}.DebugGame|Win32.Build.0 = BuiltWithUnrealBuildTool|Win32
		{09102ADE-0CCD-4A23-BE88-61C6EB1F5A3C}.DebugGame|Win64.ActiveCfg = BuiltWithUnrealBuildTool|Win32
		{09102ADE-0CCD-4A23-BE88-61C6EB1F5A3C}.DebugGame|Win64.Build.0 = BuiltWithUnrealBuildTool|Win32
		{09102ADE-0CCD-4A23-BE88-61C6EB1F5A3C}.Development Editor|HTML5.ActiveCfg = BuiltWithUnrealBuildTool|Win32
		{09102ADE-0CCD-4A23-BE88-61C6EB1F5A3C}.Development Editor|HTML5.Build.0 = BuiltWithUnrealBuildTool|Win32
		{09102ADE-0CCD-4A23-BE88-61C6EB1F5A3C}.Development Editor|Win32.ActiveCfg = BuiltWithUnrealBuildTool|Win32
		{09102ADE-0CCD-4A23-BE88-61C6EB1F5A3C}.Development Editor|Win32.Build.0 = BuiltWithUnrealBuildTool|Win32
		{09102ADE-0CCD-4A23-BE88-61C6EB1F5A3C}.Development Editor|Win64.ActiveCfg = BuiltWithUnrealBuildTool|Win32
		{09102ADE-0CCD-4A23-BE88-61C6EB1F5A3C}.Development Editor|Win64.Build.0 = BuiltWithUnrealBuildTool|Win32
		{09102ADE-0CCD-4A23-BE88-61C6EB1F5A3C}.Development|HTML5.ActiveCfg = BuiltWithUnrealBuildTool|Win32
		{09102ADE-0CCD-4A23-BE88-61C6EB1F5A3C}.Development|HTML5.Build.0 = BuiltWithUnrealBuildTool|Win32
		{09102ADE-0CCD-4A23-BE88-61C6EB1F5A3C}.Development|Win32.ActiveCfg = BuiltWithUnrealBuildTool|Win32
		{09102ADE-0CCD-4A23-BE88-61C6EB1F5A3C}.Development|Win32.Build.0 = BuiltWithUnrealBuildTool|Win32
		{09102ADE-0CCD-4A23-BE88-61C6EB1F5A3C}.Development|Win64.ActiveCfg = BuiltWithUnrealBuildTool|Win32
		{09102ADE-0CCD-4A23-BE88-61C6EB1F5A3C}.Development|Win64.Build.0 = BuiltWithUnrealBuildTool|Win32
		{09102ADE-0CCD-4A23-BE88-61C6EB1F5A3C}.Shipping|HTML5.ActiveCfg = BuiltWithUnrealBuildTool|Win32
		{09102ADE-0CCD-4A23-BE88-61C6EB1F5A3C}.Shipping|HTML5.Build.0 = BuiltWithUnrealBuildTool|Win32
		{09102ADE-0CCD-4A23-BE88-61C6EB1F5A3C}.Shipping|Win32.ActiveCfg = BuiltWithUnrealBuildTool|Win32
		{09102ADE-0CCD-4A23-BE88-61C6EB1F5A3C}.Shipping|Win32.Build.0 = BuiltWithUnrealBuildTool|Win32
		{09102ADE-0CCD-4A23-BE88-61C6EB1F5A3C}.Shipping|Win64.ActiveCfg = BuiltWithUnrealBuildTool|Win32
		{09102ADE-0CCD-4A23-BE88-61C6EB1F5A3C}.Shipping|Win64.Build.0 = BuiltWithUnrealBuildTool|Win32
		{26DF0BA7-6717-4142-B0E4-C7DBE862DD2B}.DebugGame Editor|HTML5.ActiveCfg = HTML5_DebugGame_Editor|Win32
		{26DF0BA7-6717-4142-B0E4-C7DBE862DD2B}.DebugGame Editor|Win32.ActiveCfg = DebugGame_Editor|Win32
		{26DF0BA7-6717-4142-B0E4-C7DBE862DD2B}.DebugGame Editor|Win64.ActiveCfg = DebugGame_Editor|x64
		{26DF0BA7-6717-4142-B0E4-C7DBE862DD2B}.DebugGame Editor|Win64.Build.0 = DebugGame_Editor|x64
		{26DF0BA7-6717-4142-B0E4-C7DBE862DD2B}.DebugGame|HTML5.ActiveCfg = HTML5_DebugGame_Game|Win32
		{26DF0BA7-6717-4142-B0E4-C7DBE862DD2B}.DebugGame|HTML5.Build.0 = HTML5_DebugGame_Game|Win32
		{26DF0BA7-6717-4142-B0E4-C7DBE862DD2B}.DebugGame|Win32.ActiveCfg = DebugGame_Game|Win32
		{26DF0BA7-6717-4142-B0E4-C7DBE862DD2B}.DebugGame|Win32.Build.0 = DebugGame_Game|Win32
		{26DF0BA7-6717-4142-B0E4-C7DBE862DD2B}.DebugGame|Win64.ActiveCfg = DebugGame_Game|x64
		{26DF0BA7-6717-4142-B0E4-C7DBE862DD2B}.DebugGame|Win64.Build.0 = DebugGame_Game|x64
		{26DF0BA7-6717-4142-B0E4-C7DBE862DD2B}.Development Editor|HTML5.ActiveCfg = HTML5_Development_Editor|Win32
		{26DF0BA7-6717-4142-B0E4-C7DBE862DD2B}.Development Editor|Win32.ActiveCfg = Development_Editor|Win32
		{26DF0BA7-6717-4142-B0E4-C7DBE862DD2B}.Development Editor|Win64.ActiveCfg = Development_Editor|x64
		{26DF0BA7-6717-4142-B0E4-C7DBE862DD2B}.Development Editor|Win64.Build.0 = Development_Editor|x64
		{26DF0BA7-6717-4142-B0E4-C7DBE862DD2B}.Development|HTML5.ActiveCfg = HTML5_Development_Game|Win32
		{26DF0BA7-6717-4142-B0E4-C7DBE862DD2B}.Development|HTML5.Build.0 = HTML5_Development_Game|Win32
		{26DF0BA7-6717-4142-B0E4-C7DBE862DD2B}.Development|Win32.ActiveCfg = Development_Game|Win32
		{26DF0BA7-6717-4142-B0E4-C7DBE862DD2B}.Development|Win32.Build.0 = Development_Game|Win32
		{26DF0BA7-6717-4142-B0E4-C7DBE862DD2B}.Development|Win64.ActiveCfg = Development_Game|x64
		{26DF0BA7-6717-4142-B0E4-C7DBE862DD2B}.Development|Win64.Build.0 = Development_Game|x64
		{26DF0BA7-6717-4142-B0E4-C7DBE862DD2B}.Shipping|HTML5.ActiveCfg = HTML5_Shipping_Game|Win32
		{26DF0BA7-6717-4142-B0E4-C7DBE862DD2B}.Shipping|HTML5.Build.0 = HTML5_Shipping_Game|Win32
		{26DF0BA7-6717-4142-B0E4-C7DBE862DD2B}.Shipping|Win32.ActiveCfg = Shipping_Game|Win32
		{26DF0BA7-6717-4142-B0E4-C7DBE862DD2B}.Shipping|Win32.Build.0 = Shipping_Game|Win32
		{26DF0BA7-6717-4142-B0E4-C7DBE862DD2B}.Shipping|Win64.ActiveCfg = Shipping_Game|x64
		{26DF0BA7-6717-4142-B0E4-C7DBE862DD2B}.Shipping|Win64.Build.0 = Shipping_Game|x64
	EndGlobalSection
	GlobalSection(SolutionProperties) = preSolution
		HideSolutionNode = FALSE
	EndGlobalSection
	GlobalSection(NestedProjects) = preSolution
		{09102ADE-0CCD-4A23-BE88-61C6EB1F5A3C} = {8FC04B7D-DBEE-4F85-81E0-82AADFF994E7}
		{26DF0BA7-6717-4142-B0E4-C7DBE862DD2B} = {960A9F45-98A5-4575-846F-8C3B3EACD411}
	EndGlobalSection
	GlobalSection(ExtensibilityGlobals) = postSolution
		SolutionGuid = {57D11F8E-EAF8-4DDE-8730-43D09163C6C3}
	EndGlobalSection
EndGlobal
